// !$*UTF8*$!
{
	archiveVersion = 1;
	classes = {
	};
	objectVersion = 56;
	objects = {

/* Begin PBXBuildFile section */
		042DCA802B70EE7600B6F57A /* UIImage+Extension.swift in Sources */ = {isa = PBXBuildFile; fileRef = 042DCA7F2B70EE7600B6F57A /* UIImage+Extension.swift */; };
		042DCA822B70FF6B00B6F57A /* UserSheetViewModel.swift in Sources */ = {isa = PBXBuildFile; fileRef = 042DCA812B70FF6B00B6F57A /* UserSheetViewModel.swift */; };
		042DCA872B7212B300B6F57A /* UIHelper.swift in Sources */ = {isa = PBXBuildFile; fileRef = 042DCA862B7212B300B6F57A /* UIHelper.swift */; };
		043800362B040635007C5D72 /* MapViewModel.swift in Sources */ = {isa = PBXBuildFile; fileRef = 043800352B040635007C5D72 /* MapViewModel.swift */; };
		043800392B04067A007C5D72 /* ProfileViewModel.swift in Sources */ = {isa = PBXBuildFile; fileRef = 043800382B04067A007C5D72 /* ProfileViewModel.swift */; };
		0438FF712AFECCF6007C5D72 /* MapViewController.swift in Sources */ = {isa = PBXBuildFile; fileRef = 0438FF702AFECCF6007C5D72 /* MapViewController.swift */; };
		0438FFDC2B01521D007C5D72 /* ProfileViewController.swift in Sources */ = {isa = PBXBuildFile; fileRef = 0438FFDB2B01521D007C5D72 /* ProfileViewController.swift */; };
		04523CA52B8F441D00C5D0C9 /* FirstOnboardingViewController.swift in Sources */ = {isa = PBXBuildFile; fileRef = 04523CA42B8F441D00C5D0C9 /* FirstOnboardingViewController.swift */; };
		04523CA72B8F442900C5D0C9 /* SecondOnboardingViewController.swift in Sources */ = {isa = PBXBuildFile; fileRef = 04523CA62B8F442900C5D0C9 /* SecondOnboardingViewController.swift */; };
		04523CAE2B90A03700C5D0C9 /* LaunchScreen.storyboard in Resources */ = {isa = PBXBuildFile; fileRef = 04523CAD2B90A03700C5D0C9 /* LaunchScreen.storyboard */; };
		04523CB02B90A20100C5D0C9 /* SplashScreenViewController.swift in Sources */ = {isa = PBXBuildFile; fileRef = 04523CAF2B90A20100C5D0C9 /* SplashScreenViewController.swift */; };
		04523CB42B90B5EF00C5D0C9 /* animation.json in Resources */ = {isa = PBXBuildFile; fileRef = 04523CB32B90B5EF00C5D0C9 /* animation.json */; };
		04523CB72B90B66F00C5D0C9 /* Lottie in Frameworks */ = {isa = PBXBuildFile; productRef = 04523CB62B90B66F00C5D0C9 /* Lottie */; };
		04523D292B92594000C5D0C9 /* Anta-Regular.ttf in Resources */ = {isa = PBXBuildFile; fileRef = 04523D282B92594000C5D0C9 /* Anta-Regular.ttf */; };
		04523D2C2B925A1100C5D0C9 /* UIFont+Extension.swift in Sources */ = {isa = PBXBuildFile; fileRef = 04523D2B2B925A1100C5D0C9 /* UIFont+Extension.swift */; };
		04540DB42B11456A005DD9BF /* UsersViewController.swift in Sources */ = {isa = PBXBuildFile; fileRef = 04540DB32B11456A005DD9BF /* UsersViewController.swift */; };
		04540DB62B121CF3005DD9BF /* UserCollectionViewCell.swift in Sources */ = {isa = PBXBuildFile; fileRef = 04540DB52B121CF3005DD9BF /* UserCollectionViewCell.swift */; };
		04771AD32BAAD834009A5714 /* NotificationViewController.swift in Sources */ = {isa = PBXBuildFile; fileRef = 04771AD22BAAD834009A5714 /* NotificationViewController.swift */; };
		04771AD82BAEE77F009A5714 /* Constants.swift in Sources */ = {isa = PBXBuildFile; fileRef = 04771AD72BAEE77F009A5714 /* Constants.swift */; };
		04771ADA2BAEEDF0009A5714 /* UIImageView+Extension.swift in Sources */ = {isa = PBXBuildFile; fileRef = 04771AD92BAEEDF0009A5714 /* UIImageView+Extension.swift */; };
		04771ADE2BAEFBF9009A5714 /* NotificationTableViewCell.swift in Sources */ = {isa = PBXBuildFile; fileRef = 04771ADD2BAEFBF9009A5714 /* NotificationTableViewCell.swift */; };
		04771AE22BAF270D009A5714 /* NotificationViewModel.swift in Sources */ = {isa = PBXBuildFile; fileRef = 04771AE12BAF270D009A5714 /* NotificationViewModel.swift */; };
		04771AE52BB19E66009A5714 /* LocationProvider.swift in Sources */ = {isa = PBXBuildFile; fileRef = 04771AE42BB19E65009A5714 /* LocationProvider.swift */; };
		04771AE82BB20134009A5714 /* SnapKit in Frameworks */ = {isa = PBXBuildFile; productRef = 04771AE72BB20134009A5714 /* SnapKit */; };
		04771AEB2BB2171C009A5714 /* FirebaseManager.swift in Sources */ = {isa = PBXBuildFile; fileRef = 04771AEA2BB2171C009A5714 /* FirebaseManager.swift */; };
		04771AED2BB2AF10009A5714 /* GoogleService-Info.plist in Resources */ = {isa = PBXBuildFile; fileRef = 04771AEC2BB2AF10009A5714 /* GoogleService-Info.plist */; };
		04771AF02BB2BB62009A5714 /* FirebaseAnalytics in Frameworks */ = {isa = PBXBuildFile; productRef = 04771AEF2BB2BB62009A5714 /* FirebaseAnalytics */; };
		04771AF22BB2BB62009A5714 /* FirebaseAnalyticsOnDeviceConversion in Frameworks */ = {isa = PBXBuildFile; productRef = 04771AF12BB2BB62009A5714 /* FirebaseAnalyticsOnDeviceConversion */; };
		04771AF42BB2BB62009A5714 /* FirebaseAnalyticsSwift in Frameworks */ = {isa = PBXBuildFile; productRef = 04771AF32BB2BB62009A5714 /* FirebaseAnalyticsSwift */; };
		04771AF62BB2BB62009A5714 /* FirebaseAppCheck in Frameworks */ = {isa = PBXBuildFile; productRef = 04771AF52BB2BB62009A5714 /* FirebaseAppCheck */; };
		04771AF82BB2BB62009A5714 /* FirebaseAuth in Frameworks */ = {isa = PBXBuildFile; productRef = 04771AF72BB2BB62009A5714 /* FirebaseAuth */; };
		04771AFA2BB2BB62009A5714 /* FirebaseCrashlytics in Frameworks */ = {isa = PBXBuildFile; productRef = 04771AF92BB2BB62009A5714 /* FirebaseCrashlytics */; };
		04771AFC2BB2BB62009A5714 /* FirebaseDatabase in Frameworks */ = {isa = PBXBuildFile; productRef = 04771AFB2BB2BB62009A5714 /* FirebaseDatabase */; };
		04771AFE2BB2BB62009A5714 /* FirebaseDatabaseSwift in Frameworks */ = {isa = PBXBuildFile; productRef = 04771AFD2BB2BB62009A5714 /* FirebaseDatabaseSwift */; };
		04771B002BB2BB62009A5714 /* FirebaseFirestore in Frameworks */ = {isa = PBXBuildFile; productRef = 04771AFF2BB2BB62009A5714 /* FirebaseFirestore */; };
		04771B022BB2BB62009A5714 /* FirebaseFirestoreSwift in Frameworks */ = {isa = PBXBuildFile; productRef = 04771B012BB2BB62009A5714 /* FirebaseFirestoreSwift */; };
		04771B042BB2BB62009A5714 /* FirebaseFunctions in Frameworks */ = {isa = PBXBuildFile; productRef = 04771B032BB2BB62009A5714 /* FirebaseFunctions */; };
		04771B062BB2BB62009A5714 /* FirebaseStorage in Frameworks */ = {isa = PBXBuildFile; productRef = 04771B052BB2BB62009A5714 /* FirebaseStorage */; };
		04771B092BB4229A009A5714 /* MessageSheetViewController.swift in Sources */ = {isa = PBXBuildFile; fileRef = 04771B082BB4229A009A5714 /* MessageSheetViewController.swift */; };
		04771B0D2BB55421009A5714 /* UserDefaultProvider.swift in Sources */ = {isa = PBXBuildFile; fileRef = 04771B0C2BB55421009A5714 /* UserDefaultProvider.swift */; };
		04771B102BB56427009A5714 /* Kingfisher in Frameworks */ = {isa = PBXBuildFile; productRef = 04771B0F2BB56427009A5714 /* Kingfisher */; };
		04771B122BB6AD0A009A5714 /* UIView+Extension.swift in Sources */ = {isa = PBXBuildFile; fileRef = 04771B112BB6AD0A009A5714 /* UIView+Extension.swift */; };
		0497268F2AFAD82900C43BA4 /* AppDelegate.swift in Sources */ = {isa = PBXBuildFile; fileRef = 0497268E2AFAD82900C43BA4 /* AppDelegate.swift */; };
		049726912AFAD82900C43BA4 /* SceneDelegate.swift in Sources */ = {isa = PBXBuildFile; fileRef = 049726902AFAD82900C43BA4 /* SceneDelegate.swift */; };
		049726962AFAD82900C43BA4 /* Main.storyboard in Resources */ = {isa = PBXBuildFile; fileRef = 049726942AFAD82900C43BA4 /* Main.storyboard */; };
		049726982AFAD82A00C43BA4 /* Assets.xcassets in Resources */ = {isa = PBXBuildFile; fileRef = 049726972AFAD82A00C43BA4 /* Assets.xcassets */; };
		04B268D22B3AF7290096CB0C /* User.swift in Sources */ = {isa = PBXBuildFile; fileRef = 04B268D12B3AF7290096CB0C /* User.swift */; };
		04B268D42B3AF7AB0096CB0C /* LocationModel.swift in Sources */ = {isa = PBXBuildFile; fileRef = 04B268D32B3AF7AB0096CB0C /* LocationModel.swift */; };
/* End PBXBuildFile section */

/* Begin PBXFileReference section */
		042DCA7F2B70EE7600B6F57A /* UIImage+Extension.swift */ = {isa = PBXFileReference; lastKnownFileType = sourcecode.swift; path = "UIImage+Extension.swift"; sourceTree = "<group>"; };
		042DCA812B70FF6B00B6F57A /* UserSheetViewModel.swift */ = {isa = PBXFileReference; lastKnownFileType = sourcecode.swift; path = UserSheetViewModel.swift; sourceTree = "<group>"; };
		042DCA862B7212B300B6F57A /* UIHelper.swift */ = {isa = PBXFileReference; lastKnownFileType = sourcecode.swift; path = UIHelper.swift; sourceTree = "<group>"; };
		043800352B040635007C5D72 /* MapViewModel.swift */ = {isa = PBXFileReference; lastKnownFileType = sourcecode.swift; path = MapViewModel.swift; sourceTree = "<group>"; };
		043800382B04067A007C5D72 /* ProfileViewModel.swift */ = {isa = PBXFileReference; lastKnownFileType = sourcecode.swift; path = ProfileViewModel.swift; sourceTree = "<group>"; };
		0438FF702AFECCF6007C5D72 /* MapViewController.swift */ = {isa = PBXFileReference; lastKnownFileType = sourcecode.swift; path = MapViewController.swift; sourceTree = "<group>"; };
		0438FFDB2B01521D007C5D72 /* ProfileViewController.swift */ = {isa = PBXFileReference; lastKnownFileType = sourcecode.swift; path = ProfileViewController.swift; sourceTree = "<group>"; };
		04523CA42B8F441D00C5D0C9 /* FirstOnboardingViewController.swift */ = {isa = PBXFileReference; lastKnownFileType = sourcecode.swift; path = FirstOnboardingViewController.swift; sourceTree = "<group>"; };
		04523CA62B8F442900C5D0C9 /* SecondOnboardingViewController.swift */ = {isa = PBXFileReference; lastKnownFileType = sourcecode.swift; path = SecondOnboardingViewController.swift; sourceTree = "<group>"; };
		04523CAD2B90A03700C5D0C9 /* LaunchScreen.storyboard */ = {isa = PBXFileReference; fileEncoding = 4; lastKnownFileType = file.storyboard; path = LaunchScreen.storyboard; sourceTree = "<group>"; };
		04523CAF2B90A20100C5D0C9 /* SplashScreenViewController.swift */ = {isa = PBXFileReference; lastKnownFileType = sourcecode.swift; path = SplashScreenViewController.swift; sourceTree = "<group>"; };
		04523CB32B90B5EF00C5D0C9 /* animation.json */ = {isa = PBXFileReference; fileEncoding = 4; lastKnownFileType = text.json; path = animation.json; sourceTree = "<group>"; };
		04523D282B92594000C5D0C9 /* Anta-Regular.ttf */ = {isa = PBXFileReference; lastKnownFileType = file; path = "Anta-Regular.ttf"; sourceTree = "<group>"; };
		04523D2B2B925A1100C5D0C9 /* UIFont+Extension.swift */ = {isa = PBXFileReference; lastKnownFileType = sourcecode.swift; path = "UIFont+Extension.swift"; sourceTree = "<group>"; };
		04540DB32B11456A005DD9BF /* UsersViewController.swift */ = {isa = PBXFileReference; lastKnownFileType = sourcecode.swift; path = UsersViewController.swift; sourceTree = "<group>"; };
		04540DB52B121CF3005DD9BF /* UserCollectionViewCell.swift */ = {isa = PBXFileReference; lastKnownFileType = sourcecode.swift; path = UserCollectionViewCell.swift; sourceTree = "<group>"; };
		04771AD22BAAD834009A5714 /* NotificationViewController.swift */ = {isa = PBXFileReference; lastKnownFileType = sourcecode.swift; path = NotificationViewController.swift; sourceTree = "<group>"; };
		04771AD72BAEE77F009A5714 /* Constants.swift */ = {isa = PBXFileReference; lastKnownFileType = sourcecode.swift; path = Constants.swift; sourceTree = "<group>"; };
		04771AD92BAEEDF0009A5714 /* UIImageView+Extension.swift */ = {isa = PBXFileReference; lastKnownFileType = sourcecode.swift; path = "UIImageView+Extension.swift"; sourceTree = "<group>"; };
		04771ADD2BAEFBF9009A5714 /* NotificationTableViewCell.swift */ = {isa = PBXFileReference; lastKnownFileType = sourcecode.swift; path = NotificationTableViewCell.swift; sourceTree = "<group>"; };
		04771AE12BAF270D009A5714 /* NotificationViewModel.swift */ = {isa = PBXFileReference; lastKnownFileType = sourcecode.swift; path = NotificationViewModel.swift; sourceTree = "<group>"; };
		04771AE42BB19E65009A5714 /* LocationProvider.swift */ = {isa = PBXFileReference; lastKnownFileType = sourcecode.swift; path = LocationProvider.swift; sourceTree = "<group>"; };
		04771AEA2BB2171C009A5714 /* FirebaseManager.swift */ = {isa = PBXFileReference; lastKnownFileType = sourcecode.swift; path = FirebaseManager.swift; sourceTree = "<group>"; };
		04771AEC2BB2AF10009A5714 /* GoogleService-Info.plist */ = {isa = PBXFileReference; fileEncoding = 4; lastKnownFileType = text.plist.xml; path = "GoogleService-Info.plist"; sourceTree = "<group>"; };
		04771B082BB4229A009A5714 /* MessageSheetViewController.swift */ = {isa = PBXFileReference; lastKnownFileType = sourcecode.swift; path = MessageSheetViewController.swift; sourceTree = "<group>"; };
		04771B0C2BB55421009A5714 /* UserDefaultProvider.swift */ = {isa = PBXFileReference; lastKnownFileType = sourcecode.swift; path = UserDefaultProvider.swift; sourceTree = "<group>"; };
		04771B112BB6AD0A009A5714 /* UIView+Extension.swift */ = {isa = PBXFileReference; lastKnownFileType = sourcecode.swift; path = "UIView+Extension.swift"; sourceTree = "<group>"; };
		0497268B2AFAD82900C43BA4 /* Code Buddy.app */ = {isa = PBXFileReference; explicitFileType = wrapper.application; includeInIndex = 0; path = "Code Buddy.app"; sourceTree = BUILT_PRODUCTS_DIR; };
		0497268E2AFAD82900C43BA4 /* AppDelegate.swift */ = {isa = PBXFileReference; lastKnownFileType = sourcecode.swift; path = AppDelegate.swift; sourceTree = "<group>"; };
		049726902AFAD82900C43BA4 /* SceneDelegate.swift */ = {isa = PBXFileReference; lastKnownFileType = sourcecode.swift; path = SceneDelegate.swift; sourceTree = "<group>"; };
		049726952AFAD82900C43BA4 /* Base */ = {isa = PBXFileReference; lastKnownFileType = file.storyboard; name = Base; path = Base.lproj/Main.storyboard; sourceTree = "<group>"; };
		049726972AFAD82A00C43BA4 /* Assets.xcassets */ = {isa = PBXFileReference; lastKnownFileType = folder.assetcatalog; path = Assets.xcassets; sourceTree = "<group>"; };
		0497269C2AFAD82A00C43BA4 /* Info.plist */ = {isa = PBXFileReference; lastKnownFileType = text.plist.xml; path = Info.plist; sourceTree = "<group>"; };
		04B268D12B3AF7290096CB0C /* User.swift */ = {isa = PBXFileReference; lastKnownFileType = sourcecode.swift; path = User.swift; sourceTree = "<group>"; };
		04B268D32B3AF7AB0096CB0C /* LocationModel.swift */ = {isa = PBXFileReference; lastKnownFileType = sourcecode.swift; path = LocationModel.swift; sourceTree = "<group>"; };
/* End PBXFileReference section */

/* Begin PBXFrameworksBuildPhase section */
		049726882AFAD82900C43BA4 /* Frameworks */ = {
			isa = PBXFrameworksBuildPhase;
			buildActionMask = 2147483647;
			files = (
				04771AFE2BB2BB62009A5714 /* FirebaseDatabaseSwift in Frameworks */,
				04523CB72B90B66F00C5D0C9 /* Lottie in Frameworks */,
				04771AE82BB20134009A5714 /* SnapKit in Frameworks */,
				04771AF02BB2BB62009A5714 /* FirebaseAnalytics in Frameworks */,
				04771AF22BB2BB62009A5714 /* FirebaseAnalyticsOnDeviceConversion in Frameworks */,
				04771AF62BB2BB62009A5714 /* FirebaseAppCheck in Frameworks */,
				04771AFA2BB2BB62009A5714 /* FirebaseCrashlytics in Frameworks */,
				04771AFC2BB2BB62009A5714 /* FirebaseDatabase in Frameworks */,
				04771AF82BB2BB62009A5714 /* FirebaseAuth in Frameworks */,
				04771B102BB56427009A5714 /* Kingfisher in Frameworks */,
				04771B042BB2BB62009A5714 /* FirebaseFunctions in Frameworks */,
				04771B002BB2BB62009A5714 /* FirebaseFirestore in Frameworks */,
				04771B062BB2BB62009A5714 /* FirebaseStorage in Frameworks */,
				04771AF42BB2BB62009A5714 /* FirebaseAnalyticsSwift in Frameworks */,
				04771B022BB2BB62009A5714 /* FirebaseFirestoreSwift in Frameworks */,
			);
			runOnlyForDeploymentPostprocessing = 0;
		};
/* End PBXFrameworksBuildPhase section */

/* Begin PBXGroup section */
		042DCA7E2B70EE5D00B6F57A /* Extension */ = {
			isa = PBXGroup;
			children = (
				042DCA7F2B70EE7600B6F57A /* UIImage+Extension.swift */,
				04523D2B2B925A1100C5D0C9 /* UIFont+Extension.swift */,
				04771AD92BAEEDF0009A5714 /* UIImageView+Extension.swift */,
				04771B112BB6AD0A009A5714 /* UIView+Extension.swift */,
			);
			path = Extension;
			sourceTree = "<group>";
		};
		042DCA852B7212A100B6F57A /* Utilities */ = {
			isa = PBXGroup;
			children = (
				042DCA862B7212B300B6F57A /* UIHelper.swift */,
				04771AD72BAEE77F009A5714 /* Constants.swift */,
				04771AE42BB19E65009A5714 /* LocationProvider.swift */,
				04771B0C2BB55421009A5714 /* UserDefaultProvider.swift */,
			);
			path = Utilities;
			sourceTree = "<group>";
		};
		043800342B04061F007C5D72 /* MapVC */ = {
			isa = PBXGroup;
			children = (
				043800352B040635007C5D72 /* MapViewModel.swift */,
				0438FF702AFECCF6007C5D72 /* MapViewController.swift */,
			);
			path = MapVC;
			sourceTree = "<group>";
		};
		043800372B040657007C5D72 /* ProfileVC */ = {
			isa = PBXGroup;
			children = (
				04771B072BB421DF009A5714 /* MessageSheetVC */,
				0438FFDB2B01521D007C5D72 /* ProfileViewController.swift */,
				043800382B04067A007C5D72 /* ProfileViewModel.swift */,
			);
			path = ProfileVC;
			sourceTree = "<group>";
		};
		0438003A2B040755007C5D72 /* UsersSheet */ = {
			isa = PBXGroup;
			children = (
				04540DB32B11456A005DD9BF /* UsersViewController.swift */,
				04540DB52B121CF3005DD9BF /* UserCollectionViewCell.swift */,
				042DCA812B70FF6B00B6F57A /* UserSheetViewModel.swift */,
			);
			path = UsersSheet;
			sourceTree = "<group>";
		};
		0438FF6F2AFECCE1007C5D72 /* Scene */ = {
			isa = PBXGroup;
			children = (
				04523CA32B8F3EAD00C5D0C9 /* Onboarding */,
				04523D382B93C8E900C5D0C9 /* TabBar */,
			);
			path = Scene;
			sourceTree = "<group>";
		};
		04523CA32B8F3EAD00C5D0C9 /* Onboarding */ = {
			isa = PBXGroup;
			children = (
				04523CA42B8F441D00C5D0C9 /* FirstOnboardingViewController.swift */,
				04523CA62B8F442900C5D0C9 /* SecondOnboardingViewController.swift */,
				04523CAF2B90A20100C5D0C9 /* SplashScreenViewController.swift */,
			);
			path = Onboarding;
			sourceTree = "<group>";
		};
		04523D272B92592600C5D0C9 /* Font */ = {
			isa = PBXGroup;
			children = (
				04523D282B92594000C5D0C9 /* Anta-Regular.ttf */,
			);
			path = Font;
			sourceTree = "<group>";
		};
		04523D2A2B92595000C5D0C9 /* Animation */ = {
			isa = PBXGroup;
			children = (
				04523CB32B90B5EF00C5D0C9 /* animation.json */,
			);
			path = Animation;
			sourceTree = "<group>";
		};
		04523D382B93C8E900C5D0C9 /* TabBar */ = {
			isa = PBXGroup;
			children = (
				04771AE32BB03229009A5714 /* UserListVC */,
				043800342B04061F007C5D72 /* MapVC */,
				04771ADB2BAEF126009A5714 /* NotificationVC */,
				043800372B040657007C5D72 /* ProfileVC */,
			);
			path = TabBar;
			sourceTree = "<group>";
		};
		04771ADB2BAEF126009A5714 /* NotificationVC */ = {
			isa = PBXGroup;
			children = (
				04771AE02BAF26FA009A5714 /* ViewModel */,
				04771ADF2BAF26F4009A5714 /* View */,
				04771ADC2BAEFBD3009A5714 /* TableViewCell */,
			);
			path = NotificationVC;
			sourceTree = "<group>";
		};
		04771ADC2BAEFBD3009A5714 /* TableViewCell */ = {
			isa = PBXGroup;
			children = (
				04771ADD2BAEFBF9009A5714 /* NotificationTableViewCell.swift */,
			);
			path = TableViewCell;
			sourceTree = "<group>";
		};
		04771ADF2BAF26F4009A5714 /* View */ = {
			isa = PBXGroup;
			children = (
				04771AD22BAAD834009A5714 /* NotificationViewController.swift */,
			);
			path = View;
			sourceTree = "<group>";
		};
		04771AE02BAF26FA009A5714 /* ViewModel */ = {
			isa = PBXGroup;
			children = (
				04771AE12BAF270D009A5714 /* NotificationViewModel.swift */,
			);
			path = ViewModel;
			sourceTree = "<group>";
		};
		04771AE32BB03229009A5714 /* UserListVC */ = {
			isa = PBXGroup;
			children = (
				0438003A2B040755007C5D72 /* UsersSheet */,
			);
			path = UserListVC;
			sourceTree = "<group>";
		};
		04771AE92BB2170D009A5714 /* Service */ = {
			isa = PBXGroup;
			children = (
				04771AEA2BB2171C009A5714 /* FirebaseManager.swift */,
			);
			path = Service;
			sourceTree = "<group>";
		};
		04771B072BB421DF009A5714 /* MessageSheetVC */ = {
			isa = PBXGroup;
			children = (
				04771B082BB4229A009A5714 /* MessageSheetViewController.swift */,
			);
			path = MessageSheetVC;
			sourceTree = "<group>";
		};
		049726822AFAD82900C43BA4 = {
			isa = PBXGroup;
			children = (
				0497268D2AFAD82900C43BA4 /* Code Buddy */,
				0497268C2AFAD82900C43BA4 /* Products */,
			);
			sourceTree = "<group>";
		};
		0497268C2AFAD82900C43BA4 /* Products */ = {
			isa = PBXGroup;
			children = (
				0497268B2AFAD82900C43BA4 /* Code Buddy.app */,
			);
			name = Products;
			sourceTree = "<group>";
		};
		0497268D2AFAD82900C43BA4 /* Code Buddy */ = {
			isa = PBXGroup;
			children = (
				04771AE92BB2170D009A5714 /* Service */,
				04523D2A2B92595000C5D0C9 /* Animation */,
				04523D272B92592600C5D0C9 /* Font */,
				042DCA852B7212A100B6F57A /* Utilities */,
				042DCA7E2B70EE5D00B6F57A /* Extension */,
				04B268D02B3AF7190096CB0C /* Model */,
				04B268CF2B3A00BF0096CB0C /* Support */,
				0438FF6F2AFECCE1007C5D72 /* Scene */,
				0497269C2AFAD82A00C43BA4 /* Info.plist */,
				04771AEC2BB2AF10009A5714 /* GoogleService-Info.plist */,
			);
			path = "Code Buddy";
			sourceTree = "<group>";
		};
		04B268CF2B3A00BF0096CB0C /* Support */ = {
			isa = PBXGroup;
			children = (
				0497268E2AFAD82900C43BA4 /* AppDelegate.swift */,
				049726902AFAD82900C43BA4 /* SceneDelegate.swift */,
				049726942AFAD82900C43BA4 /* Main.storyboard */,
				04523CAD2B90A03700C5D0C9 /* LaunchScreen.storyboard */,
				049726972AFAD82A00C43BA4 /* Assets.xcassets */,
			);
			path = Support;
			sourceTree = "<group>";
		};
		04B268D02B3AF7190096CB0C /* Model */ = {
			isa = PBXGroup;
			children = (
				04B268D12B3AF7290096CB0C /* User.swift */,
				04B268D32B3AF7AB0096CB0C /* LocationModel.swift */,
			);
			path = Model;
			sourceTree = "<group>";
		};
/* End PBXGroup section */

/* Begin PBXNativeTarget section */
		0497268A2AFAD82900C43BA4 /* Code Buddy */ = {
			isa = PBXNativeTarget;
			buildConfigurationList = 0497269F2AFAD82A00C43BA4 /* Build configuration list for PBXNativeTarget "Code Buddy" */;
			buildPhases = (
				049726872AFAD82900C43BA4 /* Sources */,
				049726882AFAD82900C43BA4 /* Frameworks */,
				049726892AFAD82900C43BA4 /* Resources */,
			);
			buildRules = (
			);
			dependencies = (
			);
			name = "Code Buddy";
			packageProductDependencies = (
				04523CB62B90B66F00C5D0C9 /* Lottie */,
				04771AE72BB20134009A5714 /* SnapKit */,
				04771AEF2BB2BB62009A5714 /* FirebaseAnalytics */,
				04771AF12BB2BB62009A5714 /* FirebaseAnalyticsOnDeviceConversion */,
				04771AF32BB2BB62009A5714 /* FirebaseAnalyticsSwift */,
				04771AF52BB2BB62009A5714 /* FirebaseAppCheck */,
				04771AF72BB2BB62009A5714 /* FirebaseAuth */,
				04771AF92BB2BB62009A5714 /* FirebaseCrashlytics */,
				04771AFB2BB2BB62009A5714 /* FirebaseDatabase */,
				04771AFD2BB2BB62009A5714 /* FirebaseDatabaseSwift */,
				04771AFF2BB2BB62009A5714 /* FirebaseFirestore */,
				04771B012BB2BB62009A5714 /* FirebaseFirestoreSwift */,
				04771B032BB2BB62009A5714 /* FirebaseFunctions */,
				04771B052BB2BB62009A5714 /* FirebaseStorage */,
				04771B0F2BB56427009A5714 /* Kingfisher */,
			);
			productName = "Code Buddy";
			productReference = 0497268B2AFAD82900C43BA4 /* Code Buddy.app */;
			productType = "com.apple.product-type.application";
		};
/* End PBXNativeTarget section */

/* Begin PBXProject section */
		049726832AFAD82900C43BA4 /* Project object */ = {
			isa = PBXProject;
			attributes = {
				BuildIndependentTargetsInParallel = 1;
				LastSwiftUpdateCheck = 1430;
				LastUpgradeCheck = 1510;
				TargetAttributes = {
					0497268A2AFAD82900C43BA4 = {
						CreatedOnToolsVersion = 14.3.1;
					};
				};
			};
			buildConfigurationList = 049726862AFAD82900C43BA4 /* Build configuration list for PBXProject "Code Buddy" */;
			compatibilityVersion = "Xcode 14.0";
			developmentRegion = en;
			hasScannedForEncodings = 0;
			knownRegions = (
				en,
				Base,
			);
			mainGroup = 049726822AFAD82900C43BA4;
			packageReferences = (
				04523CB52B90B66F00C5D0C9 /* XCRemoteSwiftPackageReference "lottie-ios" */,
				04771AE62BB20134009A5714 /* XCRemoteSwiftPackageReference "SnapKit" */,
				04771AEE2BB2BB61009A5714 /* XCRemoteSwiftPackageReference "firebase-ios-sdk" */,
				04771B0E2BB56427009A5714 /* XCRemoteSwiftPackageReference "Kingfisher" */,
			);
			productRefGroup = 0497268C2AFAD82900C43BA4 /* Products */;
			projectDirPath = "";
			projectRoot = "";
			targets = (
				0497268A2AFAD82900C43BA4 /* Code Buddy */,
			);
		};
/* End PBXProject section */

/* Begin PBXResourcesBuildPhase section */
		049726892AFAD82900C43BA4 /* Resources */ = {
			isa = PBXResourcesBuildPhase;
			buildActionMask = 2147483647;
			files = (
				04523CAE2B90A03700C5D0C9 /* LaunchScreen.storyboard in Resources */,
				04523D292B92594000C5D0C9 /* Anta-Regular.ttf in Resources */,
				049726982AFAD82A00C43BA4 /* Assets.xcassets in Resources */,
				04523CB42B90B5EF00C5D0C9 /* animation.json in Resources */,
				049726962AFAD82900C43BA4 /* Main.storyboard in Resources */,
				04771AED2BB2AF10009A5714 /* GoogleService-Info.plist in Resources */,
			);
			runOnlyForDeploymentPostprocessing = 0;
		};
/* End PBXResourcesBuildPhase section */

/* Begin PBXSourcesBuildPhase section */
		049726872AFAD82900C43BA4 /* Sources */ = {
			isa = PBXSourcesBuildPhase;
			buildActionMask = 2147483647;
			files = (
				0438FFDC2B01521D007C5D72 /* ProfileViewController.swift in Sources */,
				04B268D42B3AF7AB0096CB0C /* LocationModel.swift in Sources */,
				04540DB42B11456A005DD9BF /* UsersViewController.swift in Sources */,
				04771B0D2BB55421009A5714 /* UserDefaultProvider.swift in Sources */,
				042DCA802B70EE7600B6F57A /* UIImage+Extension.swift in Sources */,
				04523CB02B90A20100C5D0C9 /* SplashScreenViewController.swift in Sources */,
				0497268F2AFAD82900C43BA4 /* AppDelegate.swift in Sources */,
				04523D2C2B925A1100C5D0C9 /* UIFont+Extension.swift in Sources */,
				043800392B04067A007C5D72 /* ProfileViewModel.swift in Sources */,
				0438FF712AFECCF6007C5D72 /* MapViewController.swift in Sources */,
				04771ADA2BAEEDF0009A5714 /* UIImageView+Extension.swift in Sources */,
				04771ADE2BAEFBF9009A5714 /* NotificationTableViewCell.swift in Sources */,
				04771B122BB6AD0A009A5714 /* UIView+Extension.swift in Sources */,
				04771AE22BAF270D009A5714 /* NotificationViewModel.swift in Sources */,
				04771AEB2BB2171C009A5714 /* FirebaseManager.swift in Sources */,
				049726912AFAD82900C43BA4 /* SceneDelegate.swift in Sources */,
				043800362B040635007C5D72 /* MapViewModel.swift in Sources */,
				04771AE52BB19E66009A5714 /* LocationProvider.swift in Sources */,
				04771AD32BAAD834009A5714 /* NotificationViewController.swift in Sources */,
				042DCA822B70FF6B00B6F57A /* UserSheetViewModel.swift in Sources */,
				04B268D22B3AF7290096CB0C /* User.swift in Sources */,
				04771AD82BAEE77F009A5714 /* Constants.swift in Sources */,
				04523CA52B8F441D00C5D0C9 /* FirstOnboardingViewController.swift in Sources */,
				04523CA72B8F442900C5D0C9 /* SecondOnboardingViewController.swift in Sources */,
				04771B092BB4229A009A5714 /* MessageSheetViewController.swift in Sources */,
				04540DB62B121CF3005DD9BF /* UserCollectionViewCell.swift in Sources */,
				042DCA872B7212B300B6F57A /* UIHelper.swift in Sources */,
			);
			runOnlyForDeploymentPostprocessing = 0;
		};
/* End PBXSourcesBuildPhase section */

/* Begin PBXVariantGroup section */
		049726942AFAD82900C43BA4 /* Main.storyboard */ = {
			isa = PBXVariantGroup;
			children = (
				049726952AFAD82900C43BA4 /* Base */,
			);
			name = Main.storyboard;
			sourceTree = "<group>";
		};
/* End PBXVariantGroup section */

/* Begin XCBuildConfiguration section */
		0497269D2AFAD82A00C43BA4 /* Debug */ = {
			isa = XCBuildConfiguration;
			buildSettings = {
				ALWAYS_SEARCH_USER_PATHS = NO;
				CLANG_ANALYZER_NONNULL = YES;
				CLANG_ANALYZER_NUMBER_OBJECT_CONVERSION = YES_AGGRESSIVE;
				CLANG_CXX_LANGUAGE_STANDARD = "gnu++20";
				CLANG_ENABLE_MODULES = YES;
				CLANG_ENABLE_OBJC_ARC = YES;
				CLANG_ENABLE_OBJC_WEAK = YES;
				CLANG_WARN_BLOCK_CAPTURE_AUTORELEASING = YES;
				CLANG_WARN_BOOL_CONVERSION = YES;
				CLANG_WARN_COMMA = YES;
				CLANG_WARN_CONSTANT_CONVERSION = YES;
				CLANG_WARN_DEPRECATED_OBJC_IMPLEMENTATIONS = YES;
				CLANG_WARN_DIRECT_OBJC_ISA_USAGE = YES_ERROR;
				CLANG_WARN_DOCUMENTATION_COMMENTS = YES;
				CLANG_WARN_EMPTY_BODY = YES;
				CLANG_WARN_ENUM_CONVERSION = YES;
				CLANG_WARN_INFINITE_RECURSION = YES;
				CLANG_WARN_INT_CONVERSION = YES;
				CLANG_WARN_NON_LITERAL_NULL_CONVERSION = YES;
				CLANG_WARN_OBJC_IMPLICIT_RETAIN_SELF = YES;
				CLANG_WARN_OBJC_LITERAL_CONVERSION = YES;
				CLANG_WARN_OBJC_ROOT_CLASS = YES_ERROR;
				CLANG_WARN_QUOTED_INCLUDE_IN_FRAMEWORK_HEADER = YES;
				CLANG_WARN_RANGE_LOOP_ANALYSIS = YES;
				CLANG_WARN_STRICT_PROTOTYPES = YES;
				CLANG_WARN_SUSPICIOUS_MOVE = YES;
				CLANG_WARN_UNGUARDED_AVAILABILITY = YES_AGGRESSIVE;
				CLANG_WARN_UNREACHABLE_CODE = YES;
				CLANG_WARN__DUPLICATE_METHOD_MATCH = YES;
				COPY_PHASE_STRIP = NO;
				DEBUG_INFORMATION_FORMAT = dwarf;
				ENABLE_STRICT_OBJC_MSGSEND = YES;
				ENABLE_TESTABILITY = YES;
				ENABLE_USER_SCRIPT_SANDBOXING = YES;
				GCC_C_LANGUAGE_STANDARD = gnu11;
				GCC_DYNAMIC_NO_PIC = NO;
				GCC_NO_COMMON_BLOCKS = YES;
				GCC_OPTIMIZATION_LEVEL = 0;
				GCC_PREPROCESSOR_DEFINITIONS = (
					"DEBUG=1",
					"$(inherited)",
				);
				GCC_WARN_64_TO_32_BIT_CONVERSION = YES;
				GCC_WARN_ABOUT_RETURN_TYPE = YES_ERROR;
				GCC_WARN_UNDECLARED_SELECTOR = YES;
				GCC_WARN_UNINITIALIZED_AUTOS = YES_AGGRESSIVE;
				GCC_WARN_UNUSED_FUNCTION = YES;
				GCC_WARN_UNUSED_VARIABLE = YES;
				IPHONEOS_DEPLOYMENT_TARGET = 16.4;
				MTL_ENABLE_DEBUG_INFO = INCLUDE_SOURCE;
				MTL_FAST_MATH = YES;
				ONLY_ACTIVE_ARCH = YES;
				SDKROOT = iphoneos;
				SWIFT_ACTIVE_COMPILATION_CONDITIONS = DEBUG;
				SWIFT_OPTIMIZATION_LEVEL = "-Onone";
			};
			name = Debug;
		};
		0497269E2AFAD82A00C43BA4 /* Release */ = {
			isa = XCBuildConfiguration;
			buildSettings = {
				ALWAYS_SEARCH_USER_PATHS = NO;
				CLANG_ANALYZER_NONNULL = YES;
				CLANG_ANALYZER_NUMBER_OBJECT_CONVERSION = YES_AGGRESSIVE;
				CLANG_CXX_LANGUAGE_STANDARD = "gnu++20";
				CLANG_ENABLE_MODULES = YES;
				CLANG_ENABLE_OBJC_ARC = YES;
				CLANG_ENABLE_OBJC_WEAK = YES;
				CLANG_WARN_BLOCK_CAPTURE_AUTORELEASING = YES;
				CLANG_WARN_BOOL_CONVERSION = YES;
				CLANG_WARN_COMMA = YES;
				CLANG_WARN_CONSTANT_CONVERSION = YES;
				CLANG_WARN_DEPRECATED_OBJC_IMPLEMENTATIONS = YES;
				CLANG_WARN_DIRECT_OBJC_ISA_USAGE = YES_ERROR;
				CLANG_WARN_DOCUMENTATION_COMMENTS = YES;
				CLANG_WARN_EMPTY_BODY = YES;
				CLANG_WARN_ENUM_CONVERSION = YES;
				CLANG_WARN_INFINITE_RECURSION = YES;
				CLANG_WARN_INT_CONVERSION = YES;
				CLANG_WARN_NON_LITERAL_NULL_CONVERSION = YES;
				CLANG_WARN_OBJC_IMPLICIT_RETAIN_SELF = YES;
				CLANG_WARN_OBJC_LITERAL_CONVERSION = YES;
				CLANG_WARN_OBJC_ROOT_CLASS = YES_ERROR;
				CLANG_WARN_QUOTED_INCLUDE_IN_FRAMEWORK_HEADER = YES;
				CLANG_WARN_RANGE_LOOP_ANALYSIS = YES;
				CLANG_WARN_STRICT_PROTOTYPES = YES;
				CLANG_WARN_SUSPICIOUS_MOVE = YES;
				CLANG_WARN_UNGUARDED_AVAILABILITY = YES_AGGRESSIVE;
				CLANG_WARN_UNREACHABLE_CODE = YES;
				CLANG_WARN__DUPLICATE_METHOD_MATCH = YES;
				COPY_PHASE_STRIP = NO;
				DEBUG_INFORMATION_FORMAT = "dwarf-with-dsym";
				ENABLE_NS_ASSERTIONS = NO;
				ENABLE_STRICT_OBJC_MSGSEND = YES;
				ENABLE_USER_SCRIPT_SANDBOXING = YES;
				GCC_C_LANGUAGE_STANDARD = gnu11;
				GCC_NO_COMMON_BLOCKS = YES;
				GCC_WARN_64_TO_32_BIT_CONVERSION = YES;
				GCC_WARN_ABOUT_RETURN_TYPE = YES_ERROR;
				GCC_WARN_UNDECLARED_SELECTOR = YES;
				GCC_WARN_UNINITIALIZED_AUTOS = YES_AGGRESSIVE;
				GCC_WARN_UNUSED_FUNCTION = YES;
				GCC_WARN_UNUSED_VARIABLE = YES;
				IPHONEOS_DEPLOYMENT_TARGET = 16.4;
				MTL_ENABLE_DEBUG_INFO = NO;
				MTL_FAST_MATH = YES;
				SDKROOT = iphoneos;
				SWIFT_COMPILATION_MODE = wholemodule;
				SWIFT_OPTIMIZATION_LEVEL = "-O";
				VALIDATE_PRODUCT = YES;
			};
			name = Release;
		};
		049726A02AFAD82A00C43BA4 /* Debug */ = {
			isa = XCBuildConfiguration;
			buildSettings = {
				ASSETCATALOG_COMPILER_APPICON_NAME = AppIcon;
				ASSETCATALOG_COMPILER_GLOBAL_ACCENT_COLOR_NAME = AccentColor;
				CODE_SIGN_STYLE = Automatic;
				CURRENT_PROJECT_VERSION = 1;
				DEVELOPMENT_TEAM = PM64LP239P;
				GENERATE_INFOPLIST_FILE = YES;
				INFOPLIST_FILE = "Code Buddy/Info.plist";
				INFOPLIST_KEY_LSApplicationCategoryType = "public.app-category.social-networking";
				INFOPLIST_KEY_UIApplicationSupportsIndirectInputEvents = YES;
				INFOPLIST_KEY_UILaunchStoryboardName = LaunchScreen;
				INFOPLIST_KEY_UIMainStoryboardFile = Main;
				INFOPLIST_KEY_UISupportedInterfaceOrientations = UIInterfaceOrientationPortrait;
				IPHONEOS_DEPLOYMENT_TARGET = 16.0;
				LD_RUNPATH_SEARCH_PATHS = (
					"$(inherited)",
					"@executable_path/Frameworks",
				);
				MARKETING_VERSION = 1.0;
				PRODUCT_BUNDLE_IDENTIFIER = "com.furkanvural.Code-Buddy";
				PRODUCT_NAME = "$(TARGET_NAME)";
				SUPPORTED_PLATFORMS = "iphoneos iphonesimulator";
				SUPPORTS_MACCATALYST = NO;
				SUPPORTS_MAC_DESIGNED_FOR_IPHONE_IPAD = NO;
				SWIFT_EMIT_LOC_STRINGS = YES;
				SWIFT_VERSION = 5.0;
				TARGETED_DEVICE_FAMILY = 1;
			};
			name = Debug;
		};
		049726A12AFAD82A00C43BA4 /* Release */ = {
			isa = XCBuildConfiguration;
			buildSettings = {
				ASSETCATALOG_COMPILER_APPICON_NAME = AppIcon;
				ASSETCATALOG_COMPILER_GLOBAL_ACCENT_COLOR_NAME = AccentColor;
				CODE_SIGN_STYLE = Automatic;
				CURRENT_PROJECT_VERSION = 1;
				DEVELOPMENT_TEAM = PM64LP239P;
				GENERATE_INFOPLIST_FILE = YES;
				INFOPLIST_FILE = "Code Buddy/Info.plist";
				INFOPLIST_KEY_LSApplicationCategoryType = "public.app-category.social-networking";
				INFOPLIST_KEY_UIApplicationSupportsIndirectInputEvents = YES;
				INFOPLIST_KEY_UILaunchStoryboardName = LaunchScreen;
				INFOPLIST_KEY_UIMainStoryboardFile = Main;
				INFOPLIST_KEY_UISupportedInterfaceOrientations = UIInterfaceOrientationPortrait;
				IPHONEOS_DEPLOYMENT_TARGET = 16.0;
				LD_RUNPATH_SEARCH_PATHS = (
					"$(inherited)",
					"@executable_path/Frameworks",
				);
				MARKETING_VERSION = 1.0;
				PRODUCT_BUNDLE_IDENTIFIER = "com.furkanvural.Code-Buddy";
				PRODUCT_NAME = "$(TARGET_NAME)";
				SUPPORTED_PLATFORMS = "iphoneos iphonesimulator";
				SUPPORTS_MACCATALYST = NO;
				SUPPORTS_MAC_DESIGNED_FOR_IPHONE_IPAD = NO;
				SWIFT_EMIT_LOC_STRINGS = YES;
				SWIFT_VERSION = 5.0;
				TARGETED_DEVICE_FAMILY = 1;
			};
			name = Release;
		};
/* End XCBuildConfiguration section */

/* Begin XCConfigurationList section */
		049726862AFAD82900C43BA4 /* Build configuration list for PBXProject "Code Buddy" */ = {
			isa = XCConfigurationList;
			buildConfigurations = (
				0497269D2AFAD82A00C43BA4 /* Debug */,
				0497269E2AFAD82A00C43BA4 /* Release */,
			);
			defaultConfigurationIsVisible = 0;
			defaultConfigurationName = Release;
		};
		0497269F2AFAD82A00C43BA4 /* Build configuration list for PBXNativeTarget "Code Buddy" */ = {
			isa = XCConfigurationList;
			buildConfigurations = (
				049726A02AFAD82A00C43BA4 /* Debug */,
				049726A12AFAD82A00C43BA4 /* Release */,
			);
			defaultConfigurationIsVisible = 0;
			defaultConfigurationName = Release;
		};
/* End XCConfigurationList section */

/* Begin XCRemoteSwiftPackageReference section */
		04523CB52B90B66F00C5D0C9 /* XCRemoteSwiftPackageReference "lottie-ios" */ = {
			isa = XCRemoteSwiftPackageReference;
			repositoryURL = "https://github.com/airbnb/lottie-ios.git";
			requirement = {
				kind = upToNextMajorVersion;
				minimumVersion = 4.4.1;
			};
		};
		04771AE62BB20134009A5714 /* XCRemoteSwiftPackageReference "SnapKit" */ = {
			isa = XCRemoteSwiftPackageReference;
			repositoryURL = "https://github.com/SnapKit/SnapKit.git";
			requirement = {
				kind = upToNextMajorVersion;
				minimumVersion = 5.7.1;
			};
		};
		04771AEE2BB2BB61009A5714 /* XCRemoteSwiftPackageReference "firebase-ios-sdk" */ = {
			isa = XCRemoteSwiftPackageReference;
			repositoryURL = "https://github.com/firebase/firebase-ios-sdk";
			requirement = {
				kind = upToNextMajorVersion;
				minimumVersion = 10.23.0;
			};
		};
		04771B0E2BB56427009A5714 /* XCRemoteSwiftPackageReference "Kingfisher" */ = {
			isa = XCRemoteSwiftPackageReference;
			repositoryURL = "https://github.com/onevcat/Kingfisher.git";
			requirement = {
				kind = upToNextMajorVersion;
				minimumVersion = 7.11.0;
			};
		};
/* End XCRemoteSwiftPackageReference section */

/* Begin XCSwiftPackageProductDependency section */
		04523CB62B90B66F00C5D0C9 /* Lottie */ = {
			isa = XCSwiftPackageProductDependency;
			package = 04523CB52B90B66F00C5D0C9 /* XCRemoteSwiftPackageReference "lottie-ios" */;
			productName = Lottie;
		};
		04771AE72BB20134009A5714 /* SnapKit */ = {
			isa = XCSwiftPackageProductDependency;
			package = 04771AE62BB20134009A5714 /* XCRemoteSwiftPackageReference "SnapKit" */;
			productName = SnapKit;
		};
		04771AEF2BB2BB62009A5714 /* FirebaseAnalytics */ = {
			isa = XCSwiftPackageProductDependency;
			package = 04771AEE2BB2BB61009A5714 /* XCRemoteSwiftPackageReference "firebase-ios-sdk" */;
			productName = FirebaseAnalytics;
		};
		04771AF12BB2BB62009A5714 /* FirebaseAnalyticsOnDeviceConversion */ = {
			isa = XCSwiftPackageProductDependency;
			package = 04771AEE2BB2BB61009A5714 /* XCRemoteSwiftPackageReference "firebase-ios-sdk" */;
			productName = FirebaseAnalyticsOnDeviceConversion;
		};
		04771AF32BB2BB62009A5714 /* FirebaseAnalyticsSwift */ = {
			isa = XCSwiftPackageProductDependency;
			package = 04771AEE2BB2BB61009A5714 /* XCRemoteSwiftPackageReference "firebase-ios-sdk" */;
			productName = FirebaseAnalyticsSwift;
		};
		04771AF52BB2BB62009A5714 /* FirebaseAppCheck */ = {
			isa = XCSwiftPackageProductDependency;
			package = 04771AEE2BB2BB61009A5714 /* XCRemoteSwiftPackageReference "firebase-ios-sdk" */;
			productName = FirebaseAppCheck;
		};
		04771AF72BB2BB62009A5714 /* FirebaseAuth */ = {
			isa = XCSwiftPackageProductDependency;
			package = 04771AEE2BB2BB61009A5714 /* XCRemoteSwiftPackageReference "firebase-ios-sdk" */;
			productName = FirebaseAuth;
		};
		04771AF92BB2BB62009A5714 /* FirebaseCrashlytics */ = {
			isa = XCSwiftPackageProductDependency;
			package = 04771AEE2BB2BB61009A5714 /* XCRemoteSwiftPackageReference "firebase-ios-sdk" */;
			productName = FirebaseCrashlytics;
		};
		04771AFB2BB2BB62009A5714 /* FirebaseDatabase */ = {
			isa = XCSwiftPackageProductDependency;
			package = 04771AEE2BB2BB61009A5714 /* XCRemoteSwiftPackageReference "firebase-ios-sdk" */;
			productName = FirebaseDatabase;
		};
		04771AFD2BB2BB62009A5714 /* FirebaseDatabaseSwift */ = {
			isa = XCSwiftPackageProductDependency;
			package = 04771AEE2BB2BB61009A5714 /* XCRemoteSwiftPackageReference "firebase-ios-sdk" */;
			productName = FirebaseDatabaseSwift;
		};
		04771AFF2BB2BB62009A5714 /* FirebaseFirestore */ = {
			isa = XCSwiftPackageProductDependency;
			package = 04771AEE2BB2BB61009A5714 /* XCRemoteSwiftPackageReference "firebase-ios-sdk" */;
			productName = FirebaseFirestore;
		};
		04771B012BB2BB62009A5714 /* FirebaseFirestoreSwift */ = {
			isa = XCSwiftPackageProductDependency;
			package = 04771AEE2BB2BB61009A5714 /* XCRemoteSwiftPackageReference "firebase-ios-sdk" */;
			productName = FirebaseFirestoreSwift;
		};
		04771B032BB2BB62009A5714 /* FirebaseFunctions */ = {
			isa = XCSwiftPackageProductDependency;
			package = 04771AEE2BB2BB61009A5714 /* XCRemoteSwiftPackageReference "firebase-ios-sdk" */;
			productName = FirebaseFunctions;
		};
		04771B052BB2BB62009A5714 /* FirebaseStorage */ = {
			isa = XCSwiftPackageProductDependency;
			package = 04771AEE2BB2BB61009A5714 /* XCRemoteSwiftPackageReference "firebase-ios-sdk" */;
			productName = FirebaseStorage;
		};
		04771B0F2BB56427009A5714 /* Kingfisher */ = {
			isa = XCSwiftPackageProductDependency;
			package = 04771B0E2BB56427009A5714 /* XCRemoteSwiftPackageReference "Kingfisher" */;
			productName = Kingfisher;
		};
/* End XCSwiftPackageProductDependency section */
	};
	rootObject = 049726832AFAD82900C43BA4 /* Project object */;
}
