// !$*UTF8*$!
{
	archiveVersion = 1;
	classes = {
	};
	objectVersion = 56;
	objects = {

/* Begin PBXBuildFile section */
		043800362B040635007C5D72 /* MapViewModel.swift in Sources */ = {isa = PBXBuildFile; fileRef = 043800352B040635007C5D72 /* MapViewModel.swift */; };
		043800392B04067A007C5D72 /* AddAnnotationViewModel.swift in Sources */ = {isa = PBXBuildFile; fileRef = 043800382B04067A007C5D72 /* AddAnnotationViewModel.swift */; };
		0438003D2B040809007C5D72 /* UserTableViewController.swift in Sources */ = {isa = PBXBuildFile; fileRef = 0438003C2B040809007C5D72 /* UserTableViewController.swift */; };
		0438003F2B04085B007C5D72 /* PlacesTableViewController.swift in Sources */ = {isa = PBXBuildFile; fileRef = 0438003E2B04085B007C5D72 /* PlacesTableViewController.swift */; };
		043800412B0543C1007C5D72 /* UsersTableViewCell.swift in Sources */ = {isa = PBXBuildFile; fileRef = 043800402B0543C1007C5D72 /* UsersTableViewCell.swift */; };
		043800432B054ACD007C5D72 /* PlacesViewController.swift in Sources */ = {isa = PBXBuildFile; fileRef = 043800422B054ACD007C5D72 /* PlacesViewController.swift */; };
		0438FF712AFECCF6007C5D72 /* MapViewController.swift in Sources */ = {isa = PBXBuildFile; fileRef = 0438FF702AFECCF6007C5D72 /* MapViewController.swift */; };
		0438FFDA2B0150E0007C5D72 /* SheetPresent.swift in Sources */ = {isa = PBXBuildFile; fileRef = 0438FFD92B0150E0007C5D72 /* SheetPresent.swift */; };
		0438FFDC2B01521D007C5D72 /* AddAnnotationViewController.swift in Sources */ = {isa = PBXBuildFile; fileRef = 0438FFDB2B01521D007C5D72 /* AddAnnotationViewController.swift */; };
		0497268F2AFAD82900C43BA4 /* AppDelegate.swift in Sources */ = {isa = PBXBuildFile; fileRef = 0497268E2AFAD82900C43BA4 /* AppDelegate.swift */; };
		049726912AFAD82900C43BA4 /* SceneDelegate.swift in Sources */ = {isa = PBXBuildFile; fileRef = 049726902AFAD82900C43BA4 /* SceneDelegate.swift */; };
		049726962AFAD82900C43BA4 /* Main.storyboard in Resources */ = {isa = PBXBuildFile; fileRef = 049726942AFAD82900C43BA4 /* Main.storyboard */; };
		049726982AFAD82A00C43BA4 /* Assets.xcassets in Resources */ = {isa = PBXBuildFile; fileRef = 049726972AFAD82A00C43BA4 /* Assets.xcassets */; };
		0497269B2AFAD82A00C43BA4 /* LaunchScreen.storyboard in Resources */ = {isa = PBXBuildFile; fileRef = 049726992AFAD82A00C43BA4 /* LaunchScreen.storyboard */; };
/* End PBXBuildFile section */

/* Begin PBXFileReference section */
		043800352B040635007C5D72 /* MapViewModel.swift */ = {isa = PBXFileReference; lastKnownFileType = sourcecode.swift; path = MapViewModel.swift; sourceTree = "<group>"; };
		043800382B04067A007C5D72 /* AddAnnotationViewModel.swift */ = {isa = PBXFileReference; lastKnownFileType = sourcecode.swift; path = AddAnnotationViewModel.swift; sourceTree = "<group>"; };
		0438003C2B040809007C5D72 /* UserTableViewController.swift */ = {isa = PBXFileReference; lastKnownFileType = sourcecode.swift; path = UserTableViewController.swift; sourceTree = "<group>"; };
		0438003E2B04085B007C5D72 /* PlacesTableViewController.swift */ = {isa = PBXFileReference; lastKnownFileType = sourcecode.swift; path = PlacesTableViewController.swift; sourceTree = "<group>"; };
		043800402B0543C1007C5D72 /* UsersTableViewCell.swift */ = {isa = PBXFileReference; lastKnownFileType = sourcecode.swift; path = UsersTableViewCell.swift; sourceTree = "<group>"; };
		043800422B054ACD007C5D72 /* PlacesViewController.swift */ = {isa = PBXFileReference; lastKnownFileType = sourcecode.swift; path = PlacesViewController.swift; sourceTree = "<group>"; };
		0438FF702AFECCF6007C5D72 /* MapViewController.swift */ = {isa = PBXFileReference; lastKnownFileType = sourcecode.swift; path = MapViewController.swift; sourceTree = "<group>"; };
		0438FFD92B0150E0007C5D72 /* SheetPresent.swift */ = {isa = PBXFileReference; lastKnownFileType = sourcecode.swift; path = SheetPresent.swift; sourceTree = "<group>"; };
		0438FFDB2B01521D007C5D72 /* AddAnnotationViewController.swift */ = {isa = PBXFileReference; lastKnownFileType = sourcecode.swift; path = AddAnnotationViewController.swift; sourceTree = "<group>"; };
		0497268B2AFAD82900C43BA4 /* Code Buddy.app */ = {isa = PBXFileReference; explicitFileType = wrapper.application; includeInIndex = 0; path = "Code Buddy.app"; sourceTree = BUILT_PRODUCTS_DIR; };
		0497268E2AFAD82900C43BA4 /* AppDelegate.swift */ = {isa = PBXFileReference; lastKnownFileType = sourcecode.swift; path = AppDelegate.swift; sourceTree = "<group>"; };
		049726902AFAD82900C43BA4 /* SceneDelegate.swift */ = {isa = PBXFileReference; lastKnownFileType = sourcecode.swift; path = SceneDelegate.swift; sourceTree = "<group>"; };
		049726952AFAD82900C43BA4 /* Base */ = {isa = PBXFileReference; lastKnownFileType = file.storyboard; name = Base; path = Base.lproj/Main.storyboard; sourceTree = "<group>"; };
		049726972AFAD82A00C43BA4 /* Assets.xcassets */ = {isa = PBXFileReference; lastKnownFileType = folder.assetcatalog; path = Assets.xcassets; sourceTree = "<group>"; };
		0497269A2AFAD82A00C43BA4 /* Base */ = {isa = PBXFileReference; lastKnownFileType = file.storyboard; name = Base; path = Base.lproj/LaunchScreen.storyboard; sourceTree = "<group>"; };
		0497269C2AFAD82A00C43BA4 /* Info.plist */ = {isa = PBXFileReference; lastKnownFileType = text.plist.xml; path = Info.plist; sourceTree = "<group>"; };
/* End PBXFileReference section */

/* Begin PBXFrameworksBuildPhase section */
		049726882AFAD82900C43BA4 /* Frameworks */ = {
			isa = PBXFrameworksBuildPhase;
			buildActionMask = 2147483647;
			files = (
			);
			runOnlyForDeploymentPostprocessing = 0;
		};
/* End PBXFrameworksBuildPhase section */

/* Begin PBXGroup section */
		043800342B04061F007C5D72 /* Map */ = {
			isa = PBXGroup;
			children = (
				043800352B040635007C5D72 /* MapViewModel.swift */,
				0438FF702AFECCF6007C5D72 /* MapViewController.swift */,
				043800372B040657007C5D72 /* AnnotationSheet */,
				0438003A2B040755007C5D72 /* UsersSheet */,
				0438003B2B040763007C5D72 /* PlaceSheet */,
			);
			path = Map;
			sourceTree = "<group>";
		};
		043800372B040657007C5D72 /* AnnotationSheet */ = {
			isa = PBXGroup;
			children = (
				0438FFDB2B01521D007C5D72 /* AddAnnotationViewController.swift */,
				043800382B04067A007C5D72 /* AddAnnotationViewModel.swift */,
			);
			path = AnnotationSheet;
			sourceTree = "<group>";
		};
		0438003A2B040755007C5D72 /* UsersSheet */ = {
			isa = PBXGroup;
			children = (
				0438003C2B040809007C5D72 /* UserTableViewController.swift */,
				043800402B0543C1007C5D72 /* UsersTableViewCell.swift */,
			);
			path = UsersSheet;
			sourceTree = "<group>";
		};
		0438003B2B040763007C5D72 /* PlaceSheet */ = {
			isa = PBXGroup;
			children = (
				0438003E2B04085B007C5D72 /* PlacesTableViewController.swift */,
				043800422B054ACD007C5D72 /* PlacesViewController.swift */,
			);
			path = PlaceSheet;
			sourceTree = "<group>";
		};
		0438FF6F2AFECCE1007C5D72 /* Scene */ = {
			isa = PBXGroup;
			children = (
				043800342B04061F007C5D72 /* Map */,
			);
			path = Scene;
			sourceTree = "<group>";
		};
		0438FFD82B015024007C5D72 /* BottomSheets */ = {
			isa = PBXGroup;
			children = (
				0438FFD92B0150E0007C5D72 /* SheetPresent.swift */,
			);
			path = BottomSheets;
			sourceTree = "<group>";
		};
		049726822AFAD82900C43BA4 = {
			isa = PBXGroup;
			children = (
				0497268D2AFAD82900C43BA4 /* Code Buddy */,
				0497268C2AFAD82900C43BA4 /* Products */,
			);
			sourceTree = "<group>";
		};
		0497268C2AFAD82900C43BA4 /* Products */ = {
			isa = PBXGroup;
			children = (
				0497268B2AFAD82900C43BA4 /* Code Buddy.app */,
			);
			name = Products;
			sourceTree = "<group>";
		};
		0497268D2AFAD82900C43BA4 /* Code Buddy */ = {
			isa = PBXGroup;
			children = (
				0438FFD82B015024007C5D72 /* BottomSheets */,
				0438FF6F2AFECCE1007C5D72 /* Scene */,
				0497268E2AFAD82900C43BA4 /* AppDelegate.swift */,
				049726902AFAD82900C43BA4 /* SceneDelegate.swift */,
				049726942AFAD82900C43BA4 /* Main.storyboard */,
				049726972AFAD82A00C43BA4 /* Assets.xcassets */,
				049726992AFAD82A00C43BA4 /* LaunchScreen.storyboard */,
				0497269C2AFAD82A00C43BA4 /* Info.plist */,
			);
			path = "Code Buddy";
			sourceTree = "<group>";
		};
/* End PBXGroup section */

/* Begin PBXNativeTarget section */
		0497268A2AFAD82900C43BA4 /* Code Buddy */ = {
			isa = PBXNativeTarget;
			buildConfigurationList = 0497269F2AFAD82A00C43BA4 /* Build configuration list for PBXNativeTarget "Code Buddy" */;
			buildPhases = (
				049726872AFAD82900C43BA4 /* Sources */,
				049726882AFAD82900C43BA4 /* Frameworks */,
				049726892AFAD82900C43BA4 /* Resources */,
			);
			buildRules = (
			);
			dependencies = (
			);
			name = "Code Buddy";
			productName = "Code Buddy";
			productReference = 0497268B2AFAD82900C43BA4 /* Code Buddy.app */;
			productType = "com.apple.product-type.application";
		};
/* End PBXNativeTarget section */

/* Begin PBXProject section */
		049726832AFAD82900C43BA4 /* Project object */ = {
			isa = PBXProject;
			attributes = {
				BuildIndependentTargetsInParallel = 1;
				LastSwiftUpdateCheck = 1430;
				LastUpgradeCheck = 1430;
				TargetAttributes = {
					0497268A2AFAD82900C43BA4 = {
						CreatedOnToolsVersion = 14.3.1;
					};
				};
			};
			buildConfigurationList = 049726862AFAD82900C43BA4 /* Build configuration list for PBXProject "Code Buddy" */;
			compatibilityVersion = "Xcode 14.0";
			developmentRegion = en;
			hasScannedForEncodings = 0;
			knownRegions = (
				en,
				Base,
			);
			mainGroup = 049726822AFAD82900C43BA4;
			productRefGroup = 0497268C2AFAD82900C43BA4 /* Products */;
			projectDirPath = "";
			projectRoot = "";
			targets = (
				0497268A2AFAD82900C43BA4 /* Code Buddy */,
			);
		};
/* End PBXProject section */

/* Begin PBXResourcesBuildPhase section */
		049726892AFAD82900C43BA4 /* Resources */ = {
			isa = PBXResourcesBuildPhase;
			buildActionMask = 2147483647;
			files = (
				0497269B2AFAD82A00C43BA4 /* LaunchScreen.storyboard in Resources */,
				049726982AFAD82A00C43BA4 /* Assets.xcassets in Resources */,
				049726962AFAD82900C43BA4 /* Main.storyboard in Resources */,
			);
			runOnlyForDeploymentPostprocessing = 0;
		};
/* End PBXResourcesBuildPhase section */

/* Begin PBXSourcesBuildPhase section */
		049726872AFAD82900C43BA4 /* Sources */ = {
			isa = PBXSourcesBuildPhase;
			buildActionMask = 2147483647;
			files = (
				0438FFDC2B01521D007C5D72 /* AddAnnotationViewController.swift in Sources */,
				0497268F2AFAD82900C43BA4 /* AppDelegate.swift in Sources */,
				043800392B04067A007C5D72 /* AddAnnotationViewModel.swift in Sources */,
				043800432B054ACD007C5D72 /* PlacesViewController.swift in Sources */,
				0438FF712AFECCF6007C5D72 /* MapViewController.swift in Sources */,
				043800412B0543C1007C5D72 /* UsersTableViewCell.swift in Sources */,
				049726912AFAD82900C43BA4 /* SceneDelegate.swift in Sources */,
				0438FFDA2B0150E0007C5D72 /* SheetPresent.swift in Sources */,
				0438003D2B040809007C5D72 /* UserTableViewController.swift in Sources */,
				043800362B040635007C5D72 /* MapViewModel.swift in Sources */,
				0438003F2B04085B007C5D72 /* PlacesTableViewController.swift in Sources */,
			);
			runOnlyForDeploymentPostprocessing = 0;
		};
/* End PBXSourcesBuildPhase section */

/* Begin PBXVariantGroup section */
		049726942AFAD82900C43BA4 /* Main.storyboard */ = {
			isa = PBXVariantGroup;
			children = (
				049726952AFAD82900C43BA4 /* Base */,
			);
			name = Main.storyboard;
			sourceTree = "<group>";
		};
		049726992AFAD82A00C43BA4 /* LaunchScreen.storyboard */ = {
			isa = PBXVariantGroup;
			children = (
				0497269A2AFAD82A00C43BA4 /* Base */,
			);
			name = LaunchScreen.storyboard;
			sourceTree = "<group>";
		};
/* End PBXVariantGroup section */

/* Begin XCBuildConfiguration section */
		0497269D2AFAD82A00C43BA4 /* Debug */ = {
			isa = XCBuildConfiguration;
			buildSettings = {
				ALWAYS_SEARCH_USER_PATHS = NO;
				CLANG_ANALYZER_NONNULL = YES;
				CLANG_ANALYZER_NUMBER_OBJECT_CONVERSION = YES_AGGRESSIVE;
				CLANG_CXX_LANGUAGE_STANDARD = "gnu++20";
				CLANG_ENABLE_MODULES = YES;
				CLANG_ENABLE_OBJC_ARC = YES;
				CLANG_ENABLE_OBJC_WEAK = YES;
				CLANG_WARN_BLOCK_CAPTURE_AUTORELEASING = YES;
				CLANG_WARN_BOOL_CONVERSION = YES;
				CLANG_WARN_COMMA = YES;
				CLANG_WARN_CONSTANT_CONVERSION = YES;
				CLANG_WARN_DEPRECATED_OBJC_IMPLEMENTATIONS = YES;
				CLANG_WARN_DIRECT_OBJC_ISA_USAGE = YES_ERROR;
				CLANG_WARN_DOCUMENTATION_COMMENTS = YES;
				CLANG_WARN_EMPTY_BODY = YES;
				CLANG_WARN_ENUM_CONVERSION = YES;
				CLANG_WARN_INFINITE_RECURSION = YES;
				CLANG_WARN_INT_CONVERSION = YES;
				CLANG_WARN_NON_LITERAL_NULL_CONVERSION = YES;
				CLANG_WARN_OBJC_IMPLICIT_RETAIN_SELF = YES;
				CLANG_WARN_OBJC_LITERAL_CONVERSION = YES;
				CLANG_WARN_OBJC_ROOT_CLASS = YES_ERROR;
				CLANG_WARN_QUOTED_INCLUDE_IN_FRAMEWORK_HEADER = YES;
				CLANG_WARN_RANGE_LOOP_ANALYSIS = YES;
				CLANG_WARN_STRICT_PROTOTYPES = YES;
				CLANG_WARN_SUSPICIOUS_MOVE = YES;
				CLANG_WARN_UNGUARDED_AVAILABILITY = YES_AGGRESSIVE;
				CLANG_WARN_UNREACHABLE_CODE = YES;
				CLANG_WARN__DUPLICATE_METHOD_MATCH = YES;
				COPY_PHASE_STRIP = NO;
				DEBUG_INFORMATION_FORMAT = dwarf;
				ENABLE_STRICT_OBJC_MSGSEND = YES;
				ENABLE_TESTABILITY = YES;
				GCC_C_LANGUAGE_STANDARD = gnu11;
				GCC_DYNAMIC_NO_PIC = NO;
				GCC_NO_COMMON_BLOCKS = YES;
				GCC_OPTIMIZATION_LEVEL = 0;
				GCC_PREPROCESSOR_DEFINITIONS = (
					"DEBUG=1",
					"$(inherited)",
				);
				GCC_WARN_64_TO_32_BIT_CONVERSION = YES;
				GCC_WARN_ABOUT_RETURN_TYPE = YES_ERROR;
				GCC_WARN_UNDECLARED_SELECTOR = YES;
				GCC_WARN_UNINITIALIZED_AUTOS = YES_AGGRESSIVE;
				GCC_WARN_UNUSED_FUNCTION = YES;
				GCC_WARN_UNUSED_VARIABLE = YES;
				IPHONEOS_DEPLOYMENT_TARGET = 16.4;
				MTL_ENABLE_DEBUG_INFO = INCLUDE_SOURCE;
				MTL_FAST_MATH = YES;
				ONLY_ACTIVE_ARCH = YES;
				SDKROOT = iphoneos;
				SWIFT_ACTIVE_COMPILATION_CONDITIONS = DEBUG;
				SWIFT_OPTIMIZATION_LEVEL = "-Onone";
			};
			name = Debug;
		};
		0497269E2AFAD82A00C43BA4 /* Release */ = {
			isa = XCBuildConfiguration;
			buildSettings = {
				ALWAYS_SEARCH_USER_PATHS = NO;
				CLANG_ANALYZER_NONNULL = YES;
				CLANG_ANALYZER_NUMBER_OBJECT_CONVERSION = YES_AGGRESSIVE;
				CLANG_CXX_LANGUAGE_STANDARD = "gnu++20";
				CLANG_ENABLE_MODULES = YES;
				CLANG_ENABLE_OBJC_ARC = YES;
				CLANG_ENABLE_OBJC_WEAK = YES;
				CLANG_WARN_BLOCK_CAPTURE_AUTORELEASING = YES;
				CLANG_WARN_BOOL_CONVERSION = YES;
				CLANG_WARN_COMMA = YES;
				CLANG_WARN_CONSTANT_CONVERSION = YES;
				CLANG_WARN_DEPRECATED_OBJC_IMPLEMENTATIONS = YES;
				CLANG_WARN_DIRECT_OBJC_ISA_USAGE = YES_ERROR;
				CLANG_WARN_DOCUMENTATION_COMMENTS = YES;
				CLANG_WARN_EMPTY_BODY = YES;
				CLANG_WARN_ENUM_CONVERSION = YES;
				CLANG_WARN_INFINITE_RECURSION = YES;
				CLANG_WARN_INT_CONVERSION = YES;
				CLANG_WARN_NON_LITERAL_NULL_CONVERSION = YES;
				CLANG_WARN_OBJC_IMPLICIT_RETAIN_SELF = YES;
				CLANG_WARN_OBJC_LITERAL_CONVERSION = YES;
				CLANG_WARN_OBJC_ROOT_CLASS = YES_ERROR;
				CLANG_WARN_QUOTED_INCLUDE_IN_FRAMEWORK_HEADER = YES;
				CLANG_WARN_RANGE_LOOP_ANALYSIS = YES;
				CLANG_WARN_STRICT_PROTOTYPES = YES;
				CLANG_WARN_SUSPICIOUS_MOVE = YES;
				CLANG_WARN_UNGUARDED_AVAILABILITY = YES_AGGRESSIVE;
				CLANG_WARN_UNREACHABLE_CODE = YES;
				CLANG_WARN__DUPLICATE_METHOD_MATCH = YES;
				COPY_PHASE_STRIP = NO;
				DEBUG_INFORMATION_FORMAT = "dwarf-with-dsym";
				ENABLE_NS_ASSERTIONS = NO;
				ENABLE_STRICT_OBJC_MSGSEND = YES;
				GCC_C_LANGUAGE_STANDARD = gnu11;
				GCC_NO_COMMON_BLOCKS = YES;
				GCC_WARN_64_TO_32_BIT_CONVERSION = YES;
				GCC_WARN_ABOUT_RETURN_TYPE = YES_ERROR;
				GCC_WARN_UNDECLARED_SELECTOR = YES;
				GCC_WARN_UNINITIALIZED_AUTOS = YES_AGGRESSIVE;
				GCC_WARN_UNUSED_FUNCTION = YES;
				GCC_WARN_UNUSED_VARIABLE = YES;
				IPHONEOS_DEPLOYMENT_TARGET = 16.4;
				MTL_ENABLE_DEBUG_INFO = NO;
				MTL_FAST_MATH = YES;
				SDKROOT = iphoneos;
				SWIFT_COMPILATION_MODE = wholemodule;
				SWIFT_OPTIMIZATION_LEVEL = "-O";
				VALIDATE_PRODUCT = YES;
			};
			name = Release;
		};
		049726A02AFAD82A00C43BA4 /* Debug */ = {
			isa = XCBuildConfiguration;
			buildSettings = {
				ASSETCATALOG_COMPILER_APPICON_NAME = AppIcon;
				ASSETCATALOG_COMPILER_GLOBAL_ACCENT_COLOR_NAME = AccentColor;
				CODE_SIGN_STYLE = Automatic;
				CURRENT_PROJECT_VERSION = 1;
				DEVELOPMENT_TEAM = PM64LP239P;
				GENERATE_INFOPLIST_FILE = YES;
				INFOPLIST_FILE = "Code Buddy/Info.plist";
				INFOPLIST_KEY_LSApplicationCategoryType = "public.app-category.social-networking";
				INFOPLIST_KEY_UIApplicationSupportsIndirectInputEvents = YES;
				INFOPLIST_KEY_UILaunchStoryboardName = LaunchScreen;
				INFOPLIST_KEY_UIMainStoryboardFile = Main;
				INFOPLIST_KEY_UISupportedInterfaceOrientations = UIInterfaceOrientationPortrait;
				LD_RUNPATH_SEARCH_PATHS = (
					"$(inherited)",
					"@executable_path/Frameworks",
				);
				MARKETING_VERSION = 1.0;
				PRODUCT_BUNDLE_IDENTIFIER = "com.furkanvural.Code-Buddy";
				PRODUCT_NAME = "$(TARGET_NAME)";
				SUPPORTED_PLATFORMS = "iphoneos iphonesimulator";
				SUPPORTS_MACCATALYST = NO;
				SUPPORTS_MAC_DESIGNED_FOR_IPHONE_IPAD = NO;
				SWIFT_EMIT_LOC_STRINGS = YES;
				SWIFT_VERSION = 5.0;
				TARGETED_DEVICE_FAMILY = 1;
			};
			name = Debug;
		};
		049726A12AFAD82A00C43BA4 /* Release */ = {
			isa = XCBuildConfiguration;
			buildSettings = {
				ASSETCATALOG_COMPILER_APPICON_NAME = AppIcon;
				ASSETCATALOG_COMPILER_GLOBAL_ACCENT_COLOR_NAME = AccentColor;
				CODE_SIGN_STYLE = Automatic;
				CURRENT_PROJECT_VERSION = 1;
				DEVELOPMENT_TEAM = PM64LP239P;
				GENERATE_INFOPLIST_FILE = YES;
				INFOPLIST_FILE = "Code Buddy/Info.plist";
				INFOPLIST_KEY_LSApplicationCategoryType = "public.app-category.social-networking";
				INFOPLIST_KEY_UIApplicationSupportsIndirectInputEvents = YES;
				INFOPLIST_KEY_UILaunchStoryboardName = LaunchScreen;
				INFOPLIST_KEY_UIMainStoryboardFile = Main;
				INFOPLIST_KEY_UISupportedInterfaceOrientations = UIInterfaceOrientationPortrait;
				LD_RUNPATH_SEARCH_PATHS = (
					"$(inherited)",
					"@executable_path/Frameworks",
				);
				MARKETING_VERSION = 1.0;
				PRODUCT_BUNDLE_IDENTIFIER = "com.furkanvural.Code-Buddy";
				PRODUCT_NAME = "$(TARGET_NAME)";
				SUPPORTED_PLATFORMS = "iphoneos iphonesimulator";
				SUPPORTS_MACCATALYST = NO;
				SUPPORTS_MAC_DESIGNED_FOR_IPHONE_IPAD = NO;
				SWIFT_EMIT_LOC_STRINGS = YES;
				SWIFT_VERSION = 5.0;
				TARGETED_DEVICE_FAMILY = 1;
			};
			name = Release;
		};
/* End XCBuildConfiguration section */

/* Begin XCConfigurationList section */
		049726862AFAD82900C43BA4 /* Build configuration list for PBXProject "Code Buddy" */ = {
			isa = XCConfigurationList;
			buildConfigurations = (
				0497269D2AFAD82A00C43BA4 /* Debug */,
				0497269E2AFAD82A00C43BA4 /* Release */,
			);
			defaultConfigurationIsVisible = 0;
			defaultConfigurationName = Release;
		};
		0497269F2AFAD82A00C43BA4 /* Build configuration list for PBXNativeTarget "Code Buddy" */ = {
			isa = XCConfigurationList;
			buildConfigurations = (
				049726A02AFAD82A00C43BA4 /* Debug */,
				049726A12AFAD82A00C43BA4 /* Release */,
			);
			defaultConfigurationIsVisible = 0;
			defaultConfigurationName = Release;
		};
/* End XCConfigurationList section */
	};
	rootObject = 049726832AFAD82900C43BA4 /* Project object */;
}
